
Microsoft Visual Studio Solution File, Format Version 12.00
# Visual Studio Version 16
VisualStudioVersion = 16.0.29806.167
MinimumVisualStudioVersion = 10.0.40219.1
Project("{2150E333-8FDC-42A3-9474-1A3956D46DE8}") = "src", "src", "{64ABB09F-3CED-4341-840D-B98E5C138D30}"
EndProject
Project("{2150E333-8FDC-42A3-9474-1A3956D46DE8}") = "tests", "tests", "{E2303053-F9F8-4D33-BE96-5D4F662BCBAA}"
EndProject
Project("{9A19103F-16F7-4668-BE54-9A1E7A4F7556}") = "Application", "src\Application\Application.csproj", "{8BA47A37-7B9C-4A32-A4D9-996F266A3B09}"
EndProject
Project("{9A19103F-16F7-4668-BE54-9A1E7A4F7556}") = "Domain", "src\Domain\Domain.csproj", "{0B16503A-3C21-4398-A583-FD9AEB3F7972}"
EndProject
Project("{9A19103F-16F7-4668-BE54-9A1E7A4F7556}") = "Infrastructure", "src\Infrastructure\Infrastructure.csproj", "{32A9C3A4-D763-4A19-9F50-F2AC052724BB}"
EndProject
Project("{9A19103F-16F7-4668-BE54-9A1E7A4F7556}") = "Api", "src\Api\Api.csproj", "{569EE45F-9A9A-47F7-AA22-03B0FC943DE3}"
EndProject
Project("{FAE04EC0-301F-11D3-BF4B-00C04F79EFBC}") = "UnitTests", "tests\UnitTests\UnitTests.csproj", "{FCECD265-6483-4D6F-9A6E-90F39A84D89F}"
EndProject
Global
	GlobalSection(SolutionConfigurationPlatforms) = preSolution
		Debug|Any CPU = Debug|Any CPU
		Release|Any CPU = Release|Any CPU
	EndGlobalSection
	GlobalSection(ProjectConfigurationPlatforms) = postSolution
		{8BA47A37-7B9C-4A32-A4D9-996F266A3B09}.Debug|Any CPU.ActiveCfg = Debug|Any CPU
		{8BA47A37-7B9C-4A32-A4D9-996F266A3B09}.Debug|Any CPU.Build.0 = Debug|Any CPU
		{8BA47A37-7B9C-4A32-A4D9-996F266A3B09}.Release|Any CPU.ActiveCfg = Release|Any CPU
		{8BA47A37-7B9C-4A32-A4D9-996F266A3B09}.Release|Any CPU.Build.0 = Release|Any CPU
		{0B16503A-3C21-4398-A583-FD9AEB3F7972}.Debug|Any CPU.ActiveCfg = Debug|Any CPU
		{0B16503A-3C21-4398-A583-FD9AEB3F7972}.Debug|Any CPU.Build.0 = Debug|Any CPU
		{0B16503A-3C21-4398-A583-FD9AEB3F7972}.Release|Any CPU.ActiveCfg = Release|Any CPU
		{0B16503A-3C21-4398-A583-FD9AEB3F7972}.Release|Any CPU.Build.0 = Release|Any CPU
		{32A9C3A4-D763-4A19-9F50-F2AC052724BB}.Debug|Any CPU.ActiveCfg = Debug|Any CPU
		{32A9C3A4-D763-4A19-9F50-F2AC052724BB}.Debug|Any CPU.Build.0 = Debug|Any CPU
		{32A9C3A4-D763-4A19-9F50-F2AC052724BB}.Release|Any CPU.ActiveCfg = Release|Any CPU
		{32A9C3A4-D763-4A19-9F50-F2AC052724BB}.Release|Any CPU.Build.0 = Release|Any CPU
		{569EE45F-9A9A-47F7-AA22-03B0FC943DE3}.Debug|Any CPU.ActiveCfg = Debug|Any CPU
		{569EE45F-9A9A-47F7-AA22-03B0FC943DE3}.Debug|Any CPU.Build.0 = Debug|Any CPU
		{569EE45F-9A9A-47F7-AA22-03B0FC943DE3}.Release|Any CPU.ActiveCfg = Release|Any CPU
		{569EE45F-9A9A-47F7-AA22-03B0FC943DE3}.Release|Any CPU.Build.0 = Release|Any CPU
		{FCECD265-6483-4D6F-9A6E-90F39A84D89F}.Debug|Any CPU.ActiveCfg = Debug|Any CPU
		{FCECD265-6483-4D6F-9A6E-90F39A84D89F}.Debug|Any CPU.Build.0 = Debug|Any CPU
		{FCECD265-6483-4D6F-9A6E-90F39A84D89F}.Release|Any CPU.ActiveCfg = Release|Any CPU
		{FCECD265-6483-4D6F-9A6E-90F39A84D89F}.Release|Any CPU.Build.0 = Release|Any CPU
	EndGlobalSection
	GlobalSection(SolutionProperties) = preSolution
		HideSolutionNode = FALSE
	EndGlobalSection
	GlobalSection(NestedProjects) = preSolution
		{8BA47A37-7B9C-4A32-A4D9-996F266A3B09} = {64ABB09F-3CED-4341-840D-B98E5C138D30}
		{0B16503A-3C21-4398-A583-FD9AEB3F7972} = {64ABB09F-3CED-4341-840D-B98E5C138D30}
		{32A9C3A4-D763-4A19-9F50-F2AC052724BB} = {64ABB09F-3CED-4341-840D-B98E5C138D30}
		{569EE45F-9A9A-47F7-AA22-03B0FC943DE3} = {64ABB09F-3CED-4341-840D-B98E5C138D30}
		{FCECD265-6483-4D6F-9A6E-90F39A84D89F} = {E2303053-F9F8-4D33-BE96-5D4F662BCBAA}
	EndGlobalSection
	GlobalSection(ExtensibilityGlobals) = postSolution
		SolutionGuid = {2C38F216-1334-49F7-9093-BF1FBA94ECEC}
	EndGlobalSection
EndGlobal
