
Microsoft Visual Studio Solution File, Format Version 12.00
# Visual Studio Version 16
VisualStudioVersion = 16.0.29806.167
MinimumVisualStudioVersion = 10.0.40219.1
Project("{2150E333-8FDC-42A3-9474-1A3956D46DE8}") = "src", "src", "{64ABB09F-3CED-4341-840D-B98E5C138D30}"
EndProject
Project("{2150E333-8FDC-42A3-9474-1A3956D46DE8}") = "01.Application", "01.Application", "{5844281A-9D5D-4C1C-BD72-E22C95D57A01}"
EndProject
Project("{9A19103F-16F7-4668-BE54-9A1E7A4F7556}") = "PokedexApi", "src\01.Application\PokedexApi\PokedexApi.csproj", "{C8FF3705-8AB4-4696-98D3-FC227457741E}"
EndProject
Project("{2150E333-8FDC-42A3-9474-1A3956D46DE8}") = "02.Domain", "02.Domain", "{70B82FE3-CDF5-4448-826D-80C49DDB0A6A}"
EndProject
Project("{9A19103F-16F7-4668-BE54-9A1E7A4F7556}") = "Domain.Entities", "src\02.Domain\Domain.Entities\Domain.Entities.csproj", "{06E1FF76-0E67-4D99-BE2C-307DA01A42A0}"
EndProject
Project("{9A19103F-16F7-4668-BE54-9A1E7A4F7556}") = "Domain.Services", "src\02.Domain\Domain.Services\Domain.Services.csproj", "{93977227-29B5-4F2C-A1FB-8471E4A8A086}"
EndProject
Project("{2150E333-8FDC-42A3-9474-1A3956D46DE8}") = "03.Infrastructure", "03.Infrastructure", "{DEE33336-A1D7-45BB-A554-2781FF690F13}"
EndProject
Project("{9A19103F-16F7-4668-BE54-9A1E7A4F7556}") = "Infrastructure.Data", "src\03.Infrastructure\Infrastructure.Data\Infrastructure.Data.csproj", "{80C91FFC-3B7E-44E6-8195-D5B5A992FAEE}"
EndProject
Project("{2150E333-8FDC-42A3-9474-1A3956D46DE8}") = "04.Common", "04.Common", "{D199CA58-8373-4543-B135-04F87AA5A3E4}"
EndProject
Project("{9A19103F-16F7-4668-BE54-9A1E7A4F7556}") = "Common.Contracts", "src\04.Common\Common.Contracts\Common.Contracts.csproj", "{16899470-D7CD-42F2-A43E-1569D2F343CE}"
EndProject
Project("{9A19103F-16F7-4668-BE54-9A1E7A4F7556}") = "Common.Extensions", "src\04.Common\Common.Extensions\Common.Extensions.csproj", "{040D2555-03EC-4426-B423-9D868D1C7342}"
EndProject
Project("{2150E333-8FDC-42A3-9474-1A3956D46DE8}") = "05.IoC", "05.IoC", "{CD0F35C7-739B-49AC-BF81-E3EEAA2F23B0}"
EndProject
Project("{9A19103F-16F7-4668-BE54-9A1E7A4F7556}") = "IoC.Container", "src\05.IoC\IoC.Container\IoC.Container.csproj", "{EE1D23AD-19E7-4F05-A43E-AAF8F6150129}"
EndProject
Project("{2150E333-8FDC-42A3-9474-1A3956D46DE8}") = "test", "test", "{E2303053-F9F8-4D33-BE96-5D4F662BCBAA}"
EndProject

Global
	GlobalSection(SolutionConfigurationPlatforms) = preSolution
		Debug|Any CPU = Debug|Any CPU
		Release|Any CPU = Release|Any CPU
	EndGlobalSection
	GlobalSection(ProjectConfigurationPlatforms) = postSolution
		{06E1FF76-0E67-4D99-BE2C-307DA01A42A0}.Debug|Any CPU.ActiveCfg = Debug|Any CPU
		{06E1FF76-0E67-4D99-BE2C-307DA01A42A0}.Debug|Any CPU.Build.0 = Debug|Any CPU
		{06E1FF76-0E67-4D99-BE2C-307DA01A42A0}.Release|Any CPU.ActiveCfg = Release|Any CPU
		{06E1FF76-0E67-4D99-BE2C-307DA01A42A0}.Release|Any CPU.Build.0 = Release|Any CPU
		{80C91FFC-3B7E-44E6-8195-D5B5A992FAEE}.Debug|Any CPU.ActiveCfg = Debug|Any CPU
		{80C91FFC-3B7E-44E6-8195-D5B5A992FAEE}.Debug|Any CPU.Build.0 = Debug|Any CPU
		{80C91FFC-3B7E-44E6-8195-D5B5A992FAEE}.Release|Any CPU.ActiveCfg = Release|Any CPU
		{80C91FFC-3B7E-44E6-8195-D5B5A992FAEE}.Release|Any CPU.Build.0 = Release|Any CPU
		{16899470-D7CD-42F2-A43E-1569D2F343CE}.Debug|Any CPU.ActiveCfg = Debug|Any CPU
		{16899470-D7CD-42F2-A43E-1569D2F343CE}.Debug|Any CPU.Build.0 = Debug|Any CPU
		{16899470-D7CD-42F2-A43E-1569D2F343CE}.Release|Any CPU.ActiveCfg = Release|Any CPU
		{16899470-D7CD-42F2-A43E-1569D2F343CE}.Release|Any CPU.Build.0 = Release|Any CPU
		{040D2555-03EC-4426-B423-9D868D1C7342}.Debug|Any CPU.ActiveCfg = Debug|Any CPU
		{040D2555-03EC-4426-B423-9D868D1C7342}.Debug|Any CPU.Build.0 = Debug|Any CPU
		{040D2555-03EC-4426-B423-9D868D1C7342}.Release|Any CPU.ActiveCfg = Release|Any CPU
		{040D2555-03EC-4426-B423-9D868D1C7342}.Release|Any CPU.Build.0 = Release|Any CPU
		{EE1D23AD-19E7-4F05-A43E-AAF8F6150129}.Debug|Any CPU.ActiveCfg = Debug|Any CPU
		{EE1D23AD-19E7-4F05-A43E-AAF8F6150129}.Debug|Any CPU.Build.0 = Debug|Any CPU
		{EE1D23AD-19E7-4F05-A43E-AAF8F6150129}.Release|Any CPU.ActiveCfg = Release|Any CPU
		{EE1D23AD-19E7-4F05-A43E-AAF8F6150129}.Release|Any CPU.Build.0 = Release|Any CPU
		{C8FF3705-8AB4-4696-98D3-FC227457741E}.Debug|Any CPU.ActiveCfg = Debug|Any CPU
		{C8FF3705-8AB4-4696-98D3-FC227457741E}.Debug|Any CPU.Build.0 = Debug|Any CPU
		{C8FF3705-8AB4-4696-98D3-FC227457741E}.Release|Any CPU.ActiveCfg = Release|Any CPU
		{C8FF3705-8AB4-4696-98D3-FC227457741E}.Release|Any CPU.Build.0 = Release|Any CPU
		{93977227-29B5-4F2C-A1FB-8471E4A8A086}.Debug|Any CPU.ActiveCfg = Debug|Any CPU
		{93977227-29B5-4F2C-A1FB-8471E4A8A086}.Debug|Any CPU.Build.0 = Debug|Any CPU
		{93977227-29B5-4F2C-A1FB-8471E4A8A086}.Release|Any CPU.ActiveCfg = Release|Any CPU
		{93977227-29B5-4F2C-A1FB-8471E4A8A086}.Release|Any CPU.Build.0 = Release|Any CPU
	EndGlobalSection
	GlobalSection(SolutionProperties) = preSolution
		HideSolutionNode = FALSE
	EndGlobalSection
	GlobalSection(NestedProjects) = preSolution
		{5844281A-9D5D-4C1C-BD72-E22C95D57A01} = {64ABB09F-3CED-4341-840D-B98E5C138D30}
		{70B82FE3-CDF5-4448-826D-80C49DDB0A6A} = {64ABB09F-3CED-4341-840D-B98E5C138D30}
		{06E1FF76-0E67-4D99-BE2C-307DA01A42A0} = {70B82FE3-CDF5-4448-826D-80C49DDB0A6A}
		{DEE33336-A1D7-45BB-A554-2781FF690F13} = {64ABB09F-3CED-4341-840D-B98E5C138D30}
		{80C91FFC-3B7E-44E6-8195-D5B5A992FAEE} = {DEE33336-A1D7-45BB-A554-2781FF690F13}
		{D199CA58-8373-4543-B135-04F87AA5A3E4} = {64ABB09F-3CED-4341-840D-B98E5C138D30}
		{16899470-D7CD-42F2-A43E-1569D2F343CE} = {D199CA58-8373-4543-B135-04F87AA5A3E4}
		{040D2555-03EC-4426-B423-9D868D1C7342} = {D199CA58-8373-4543-B135-04F87AA5A3E4}
		{CD0F35C7-739B-49AC-BF81-E3EEAA2F23B0} = {64ABB09F-3CED-4341-840D-B98E5C138D30}
		{EE1D23AD-19E7-4F05-A43E-AAF8F6150129} = {CD0F35C7-739B-49AC-BF81-E3EEAA2F23B0}
		{C8FF3705-8AB4-4696-98D3-FC227457741E} = {5844281A-9D5D-4C1C-BD72-E22C95D57A01}
		{93977227-29B5-4F2C-A1FB-8471E4A8A086} = {70B82FE3-CDF5-4448-826D-80C49DDB0A6A}
	EndGlobalSection
	GlobalSection(ExtensibilityGlobals) = postSolution
		SolutionGuid = {2C38F216-1334-49F7-9093-BF1FBA94ECEC}
	EndGlobalSection
EndGlobal
